
Microsoft Visual Studio Solution File, Format Version 12.00
# Visual Studio Version 16
VisualStudioVersion = 16.0.29326.143
MinimumVisualStudioVersion = 10.0.40219.1
Project("{FAE04EC0-301F-11D3-BF4B-00C04F79EFBC}") = "Guoyang-Liu_Sec003_Exercise01", "Guoyang-Liu_Sec003_Exercise01\Guoyang-Liu_Sec003_Exercise01.csproj", "{DDA51708-CDAE-460E-AB1D-A8A876306C0B}"
EndProject
Global
	GlobalSection(SolutionConfigurationPlatforms) = preSolution
		Debug|Any CPU = Debug|Any CPU
		Release|Any CPU = Release|Any CPU
	EndGlobalSection
	GlobalSection(ProjectConfigurationPlatforms) = postSolution
		{DDA51708-CDAE-460E-AB1D-A8A876306C0B}.Debug|Any CPU.ActiveCfg = Debug|Any CPU
		{DDA51708-CDAE-460E-AB1D-A8A876306C0B}.Debug|Any CPU.Build.0 = Debug|Any CPU
		{DDA51708-CDAE-460E-AB1D-A8A876306C0B}.Release|Any CPU.ActiveCfg = Release|Any CPU
		{DDA51708-CDAE-460E-AB1D-A8A876306C0B}.Release|Any CPU.Build.0 = Release|Any CPU
	EndGlobalSection
	GlobalSection(SolutionProperties) = preSolution
		HideSolutionNode = FALSE
	EndGlobalSection
	GlobalSection(ExtensibilityGlobals) = postSolution
		SolutionGuid = {44B393C9-F115-440B-B18B-73A2BAF21CF4}
	EndGlobalSection
EndGlobal
